
Microsoft Visual Studio Solution File, Format Version 12.00
# Visual Studio 15
VisualStudioVersion = 15.0.34031.82
MinimumVisualStudioVersion = 10.0.40219.1
Project("{8BC9CEB8-8B4A-11D0-8D11-00A0C91BC942}") = "6.37", "6.37\6.37.vcxproj", "{0FC7D81C-08C9-4805-A59C-BC3DBD857B7A}"
EndProject
Global
	GlobalSection(SolutionConfigurationPlatforms) = preSolution
		Debug|x64 = Debug|x64
		Debug|x86 = Debug|x86
		Release|x64 = Release|x64
		Release|x86 = Release|x86
	EndGlobalSection
	GlobalSection(ProjectConfigurationPlatforms) = postSolution
		{0FC7D81C-08C9-4805-A59C-BC3DBD857B7A}.Debug|x64.ActiveCfg = Debug|x64
		{0FC7D81C-08C9-4805-A59C-BC3DBD857B7A}.Debug|x64.Build.0 = Debug|x64
		{0FC7D81C-08C9-4805-A59C-BC3DBD857B7A}.Debug|x86.ActiveCfg = Debug|Win32
		{0FC7D81C-08C9-4805-A59C-BC3DBD857B7A}.Debug|x86.Build.0 = Debug|Win32
		{0FC7D81C-08C9-4805-A59C-BC3DBD857B7A}.Release|x64.ActiveCfg = Release|x64
		{0FC7D81C-08C9-4805-A59C-BC3DBD857B7A}.Release|x64.Build.0 = Release|x64
		{0FC7D81C-08C9-4805-A59C-BC3DBD857B7A}.Release|x86.ActiveCfg = Release|Win32
		{0FC7D81C-08C9-4805-A59C-BC3DBD857B7A}.Release|x86.Build.0 = Release|Win32
	EndGlobalSection
	GlobalSection(SolutionProperties) = preSolution
		HideSolutionNode = FALSE
	EndGlobalSection
	GlobalSection(ExtensibilityGlobals) = postSolution
		SolutionGuid = {7589B202-2177-46B4-A797-CF27455D2696}
	EndGlobalSection
EndGlobal
